github.com/aquasecurity/tracee/libbpfgo v0.0.0-20210120135515-7d2ce345dfca h1:oibleOqVmXmuag/wuOj6xyJDPNemtOc3QsKS3oozw/s=
github.com/aquasecurity/tracee/libbpfgo v0.0.0-20210120135515-7d2ce345dfca/go.mod h1:Ldem7RTRbX6bdTDxU2eYYvo7pPWYQbbc6rdGv0Ilyts=
github.com/aquasecurity/tracee/libbpfgo v0.0.0-20210130081938-febd3de75f55 h1:qlZfsrz4nQ8IcIu4AL/RGNSyh9f9oTigzDNz/0RhReE=
github.com/aquasecurity/tracee/libbpfgo v0.0.0-20210130081938-febd3de75f55/go.mod h1:Ldem7RTRbX6bdTDxU2eYYvo7pPWYQbbc6rdGv0Ilyts=
